// !$*UTF8*$!
{
	archiveVersion = 1;
	classes = {
	};
	objectVersion = 50;
	objects = {

/* Begin PBXBuildFile section */
		6106865A2539032E00A85944 /* MString.c in Sources */ = {isa = PBXBuildFile; fileRef = 610686592539032E00A85944 /* MString.c */; };
		612C5C5725389DC4008700F2 /* main.c in Sources */ = {isa = PBXBuildFile; fileRef = 612C5C5625389DC4008700F2 /* main.c */; };
		612C5C6025389E15008700F2 /* FileOperator.c in Sources */ = {isa = PBXBuildFile; fileRef = 612C5C5F25389E15008700F2 /* FileOperator.c */; };
		612C5C992538F2D2008700F2 /* StandardOut.c in Sources */ = {isa = PBXBuildFile; fileRef = 612C5C982538F2D2008700F2 /* StandardOut.c */; };
/* End PBXBuildFile section */

/* Begin PBXCopyFilesBuildPhase section */
		612C5C5125389DC4008700F2 /* CopyFiles */ = {
			isa = PBXCopyFilesBuildPhase;
			buildActionMask = 2147483647;
			dstPath = /usr/share/man/man1/;
			dstSubfolderSpec = 0;
			files = (
			);
			runOnlyForDeploymentPostprocessing = 1;
		};
/* End PBXCopyFilesBuildPhase section */

/* Begin PBXFileReference section */
		610686582539032E00A85944 /* MString.h */ = {isa = PBXFileReference; lastKnownFileType = sourcecode.c.h; path = MString.h; sourceTree = "<group>"; };
		610686592539032E00A85944 /* MString.c */ = {isa = PBXFileReference; lastKnownFileType = sourcecode.c.c; path = MString.c; sourceTree = "<group>"; };
		612C5C5325389DC4008700F2 /* MyToolbox */ = {isa = PBXFileReference; explicitFileType = "compiled.mach-o.executable"; includeInIndex = 0; path = MyToolbox; sourceTree = BUILT_PRODUCTS_DIR; };
		612C5C5625389DC4008700F2 /* main.c */ = {isa = PBXFileReference; lastKnownFileType = sourcecode.c.c; path = main.c; sourceTree = "<group>"; };
		612C5C5E25389E15008700F2 /* FileOperator.h */ = {isa = PBXFileReference; lastKnownFileType = sourcecode.c.h; path = FileOperator.h; sourceTree = "<group>"; };
		612C5C5F25389E15008700F2 /* FileOperator.c */ = {isa = PBXFileReference; lastKnownFileType = sourcecode.c.c; path = FileOperator.c; sourceTree = "<group>"; };
		612C5C972538F2D2008700F2 /* StandardOut.h */ = {isa = PBXFileReference; lastKnownFileType = sourcecode.c.h; path = StandardOut.h; sourceTree = "<group>"; };
		612C5C982538F2D2008700F2 /* StandardOut.c */ = {isa = PBXFileReference; lastKnownFileType = sourcecode.c.c; path = StandardOut.c; sourceTree = "<group>"; };
/* End PBXFileReference section */

/* Begin PBXFrameworksBuildPhase section */
		612C5C5025389DC4008700F2 /* Frameworks */ = {
			isa = PBXFrameworksBuildPhase;
			buildActionMask = 2147483647;
			files = (
			);
			runOnlyForDeploymentPostprocessing = 0;
		};
/* End PBXFrameworksBuildPhase section */

/* Begin PBXGroup section */
		61068657253902FE00A85944 /* DataKit */ = {
			isa = PBXGroup;
			children = (
				610686582539032E00A85944 /* MString.h */,
				610686592539032E00A85944 /* MString.c */,
			);
			path = DataKit;
			sourceTree = "<group>";
		};
		612C5C4A25389DC4008700F2 = {
			isa = PBXGroup;
			children = (
				612C5C5525389DC4008700F2 /* MyToolbox */,
				612C5C5425389DC4008700F2 /* Products */,
			);
			sourceTree = "<group>";
		};
		612C5C5425389DC4008700F2 /* Products */ = {
			isa = PBXGroup;
			children = (
				612C5C5325389DC4008700F2 /* MyToolbox */,
			);
			name = Products;
			sourceTree = "<group>";
		};
		612C5C5525389DC4008700F2 /* MyToolbox */ = {
			isa = PBXGroup;
			children = (
				61068657253902FE00A85944 /* DataKit */,
				612C5C962538F288008700F2 /* Utils */,
				612C5C952538EF54008700F2 /* MyFileKit */,
				612C5C5625389DC4008700F2 /* main.c */,
			);
			path = MyToolbox;
			sourceTree = "<group>";
		};
		612C5C952538EF54008700F2 /* MyFileKit */ = {
			isa = PBXGroup;
			children = (
				612C5C5E25389E15008700F2 /* FileOperator.h */,
				612C5C5F25389E15008700F2 /* FileOperator.c */,
			);
			path = MyFileKit;
			sourceTree = "<group>";
		};
		612C5C962538F288008700F2 /* Utils */ = {
			isa = PBXGroup;
			children = (
				612C5C972538F2D2008700F2 /* StandardOut.h */,
				612C5C982538F2D2008700F2 /* StandardOut.c */,
			);
			path = Utils;
			sourceTree = "<group>";
		};
/* End PBXGroup section */

/* Begin PBXNativeTarget section */
		612C5C5225389DC4008700F2 /* MyToolbox */ = {
			isa = PBXNativeTarget;
			buildConfigurationList = 612C5C5A25389DC4008700F2 /* Build configuration list for PBXNativeTarget "MyToolbox" */;
			buildPhases = (
				612C5C4F25389DC4008700F2 /* Sources */,
				612C5C5025389DC4008700F2 /* Frameworks */,
				612C5C5125389DC4008700F2 /* CopyFiles */,
			);
			buildRules = (
			);
			dependencies = (
			);
			name = MyToolbox;
			productName = ShileiToolbox;
			productReference = 612C5C5325389DC4008700F2 /* MyToolbox */;
			productType = "com.apple.product-type.tool";
		};
/* End PBXNativeTarget section */

/* Begin PBXProject section */
		612C5C4B25389DC4008700F2 /* Project object */ = {
			isa = PBXProject;
			attributes = {
				LastUpgradeCheck = 1200;
				TargetAttributes = {
					612C5C5225389DC4008700F2 = {
						CreatedOnToolsVersion = 12.0;
					};
				};
			};
			buildConfigurationList = 612C5C4E25389DC4008700F2 /* Build configuration list for PBXProject "MyToolbox" */;
			compatibilityVersion = "Xcode 9.3";
			developmentRegion = en;
			hasScannedForEncodings = 0;
			knownRegions = (
				en,
				Base,
			);
			mainGroup = 612C5C4A25389DC4008700F2;
			productRefGroup = 612C5C5425389DC4008700F2 /* Products */;
			projectDirPath = "";
			projectRoot = "";
			targets = (
				612C5C5225389DC4008700F2 /* MyToolbox */,
			);
		};
/* End PBXProject section */

/* Begin PBXSourcesBuildPhase section */
		612C5C4F25389DC4008700F2 /* Sources */ = {
			isa = PBXSourcesBuildPhase;
			buildActionMask = 2147483647;
			files = (
				612C5C992538F2D2008700F2 /* StandardOut.c in Sources */,
				612C5C5725389DC4008700F2 /* main.c in Sources */,
				6106865A2539032E00A85944 /* MString.c in Sources */,
				612C5C6025389E15008700F2 /* FileOperator.c in Sources */,
			);
			runOnlyForDeploymentPostprocessing = 0;
		};
/* End PBXSourcesBuildPhase section */

/* Begin XCBuildConfiguration section */
		612C5C5825389DC4008700F2 /* Debug */ = {
			isa = XCBuildConfiguration;
			buildSettings = {
				ALWAYS_SEARCH_USER_PATHS = NO;
				CLANG_ANALYZER_NONNULL = YES;
				CLANG_ANALYZER_NUMBER_OBJECT_CONVERSION = YES_AGGRESSIVE;
				CLANG_CXX_LANGUAGE_STANDARD = "gnu++14";
				CLANG_CXX_LIBRARY = "libc++";
				CLANG_ENABLE_MODULES = YES;
				CLANG_ENABLE_OBJC_ARC = YES;
				CLANG_ENABLE_OBJC_WEAK = YES;
				CLANG_WARN_BLOCK_CAPTURE_AUTORELEASING = YES;
				CLANG_WARN_BOOL_CONVERSION = YES;
				CLANG_WARN_COMMA = YES;
				CLANG_WARN_CONSTANT_CONVERSION = YES;
				CLANG_WARN_DEPRECATED_OBJC_IMPLEMENTATIONS = YES;
				CLANG_WARN_DIRECT_OBJC_ISA_USAGE = YES_ERROR;
				CLANG_WARN_DOCUMENTATION_COMMENTS = YES;
				CLANG_WARN_EMPTY_BODY = YES;
				CLANG_WARN_ENUM_CONVERSION = YES;
				CLANG_WARN_INFINITE_RECURSION = YES;
				CLANG_WARN_INT_CONVERSION = YES;
				CLANG_WARN_NON_LITERAL_NULL_CONVERSION = YES;
				CLANG_WARN_OBJC_IMPLICIT_RETAIN_SELF = YES;
				CLANG_WARN_OBJC_LITERAL_CONVERSION = YES;
				CLANG_WARN_OBJC_ROOT_CLASS = YES_ERROR;
				CLANG_WARN_QUOTED_INCLUDE_IN_FRAMEWORK_HEADER = YES;
				CLANG_WARN_RANGE_LOOP_ANALYSIS = YES;
				CLANG_WARN_STRICT_PROTOTYPES = YES;
				CLANG_WARN_SUSPICIOUS_MOVE = YES;
				CLANG_WARN_UNGUARDED_AVAILABILITY = YES_AGGRESSIVE;
				CLANG_WARN_UNREACHABLE_CODE = YES;
				CLANG_WARN__DUPLICATE_METHOD_MATCH = YES;
				COPY_PHASE_STRIP = NO;
				DEBUG_INFORMATION_FORMAT = dwarf;
				ENABLE_STRICT_OBJC_MSGSEND = YES;
				ENABLE_TESTABILITY = YES;
				GCC_C_LANGUAGE_STANDARD = gnu11;
				GCC_DYNAMIC_NO_PIC = NO;
				GCC_NO_COMMON_BLOCKS = YES;
				GCC_OPTIMIZATION_LEVEL = 0;
				GCC_PREPROCESSOR_DEFINITIONS = (
					"DEBUG=1",
					"$(inherited)",
				);
				GCC_WARN_64_TO_32_BIT_CONVERSION = YES;
				GCC_WARN_ABOUT_RETURN_TYPE = YES_ERROR;
				GCC_WARN_UNDECLARED_SELECTOR = YES;
				GCC_WARN_UNINITIALIZED_AUTOS = YES_AGGRESSIVE;
				GCC_WARN_UNUSED_FUNCTION = YES;
				GCC_WARN_UNUSED_VARIABLE = YES;
				MACOSX_DEPLOYMENT_TARGET = 10.15;
				MTL_ENABLE_DEBUG_INFO = INCLUDE_SOURCE;
				MTL_FAST_MATH = YES;
				ONLY_ACTIVE_ARCH = YES;
				SDKROOT = macosx;
			};
			name = Debug;
		};
		612C5C5925389DC4008700F2 /* Release */ = {
			isa = XCBuildConfiguration;
			buildSettings = {
				ALWAYS_SEARCH_USER_PATHS = NO;
				CLANG_ANALYZER_NONNULL = YES;
				CLANG_ANALYZER_NUMBER_OBJECT_CONVERSION = YES_AGGRESSIVE;
				CLANG_CXX_LANGUAGE_STANDARD = "gnu++14";
				CLANG_CXX_LIBRARY = "libc++";
				CLANG_ENABLE_MODULES = YES;
				CLANG_ENABLE_OBJC_ARC = YES;
				CLANG_ENABLE_OBJC_WEAK = YES;
				CLANG_WARN_BLOCK_CAPTURE_AUTORELEASING = YES;
				CLANG_WARN_BOOL_CONVERSION = YES;
				CLANG_WARN_COMMA = YES;
				CLANG_WARN_CONSTANT_CONVERSION = YES;
				CLANG_WARN_DEPRECATED_OBJC_IMPLEMENTATIONS = YES;
				CLANG_WARN_DIRECT_OBJC_ISA_USAGE = YES_ERROR;
				CLANG_WARN_DOCUMENTATION_COMMENTS = YES;
				CLANG_WARN_EMPTY_BODY = YES;
				CLANG_WARN_ENUM_CONVERSION = YES;
				CLANG_WARN_INFINITE_RECURSION = YES;
				CLANG_WARN_INT_CONVERSION = YES;
				CLANG_WARN_NON_LITERAL_NULL_CONVERSION = YES;
				CLANG_WARN_OBJC_IMPLICIT_RETAIN_SELF = YES;
				CLANG_WARN_OBJC_LITERAL_CONVERSION = YES;
				CLANG_WARN_OBJC_ROOT_CLASS = YES_ERROR;
				CLANG_WARN_QUOTED_INCLUDE_IN_FRAMEWORK_HEADER = YES;
				CLANG_WARN_RANGE_LOOP_ANALYSIS = YES;
				CLANG_WARN_STRICT_PROTOTYPES = YES;
				CLANG_WARN_SUSPICIOUS_MOVE = YES;
				CLANG_WARN_UNGUARDED_AVAILABILITY = YES_AGGRESSIVE;
				CLANG_WARN_UNREACHABLE_CODE = YES;
				CLANG_WARN__DUPLICATE_METHOD_MATCH = YES;
				COPY_PHASE_STRIP = NO;
				DEBUG_INFORMATION_FORMAT = "dwarf-with-dsym";
				ENABLE_NS_ASSERTIONS = NO;
				ENABLE_STRICT_OBJC_MSGSEND = YES;
				GCC_C_LANGUAGE_STANDARD = gnu11;
				GCC_NO_COMMON_BLOCKS = YES;
				GCC_WARN_64_TO_32_BIT_CONVERSION = YES;
				GCC_WARN_ABOUT_RETURN_TYPE = YES_ERROR;
				GCC_WARN_UNDECLARED_SELECTOR = YES;
				GCC_WARN_UNINITIALIZED_AUTOS = YES_AGGRESSIVE;
				GCC_WARN_UNUSED_FUNCTION = YES;
				GCC_WARN_UNUSED_VARIABLE = YES;
				MACOSX_DEPLOYMENT_TARGET = 10.15;
				MTL_ENABLE_DEBUG_INFO = NO;
				MTL_FAST_MATH = YES;
				SDKROOT = macosx;
			};
			name = Release;
		};
		612C5C5B25389DC4008700F2 /* Debug */ = {
			isa = XCBuildConfiguration;
			buildSettings = {
				CODE_SIGN_STYLE = Automatic;
				DEVELOPMENT_TEAM = 99H35PRZ8D;
				ENABLE_HARDENED_RUNTIME = YES;
				PRODUCT_NAME = "$(TARGET_NAME)";
			};
			name = Debug;
		};
		612C5C5C25389DC4008700F2 /* Release */ = {
			isa = XCBuildConfiguration;
			buildSettings = {
				CODE_SIGN_STYLE = Automatic;
				DEVELOPMENT_TEAM = 99H35PRZ8D;
				ENABLE_HARDENED_RUNTIME = YES;
				PRODUCT_NAME = "$(TARGET_NAME)";
			};
			name = Release;
		};
/* End XCBuildConfiguration section */

/* Begin XCConfigurationList section */
		612C5C4E25389DC4008700F2 /* Build configuration list for PBXProject "MyToolbox" */ = {
			isa = XCConfigurationList;
			buildConfigurations = (
				612C5C5825389DC4008700F2 /* Debug */,
				612C5C5925389DC4008700F2 /* Release */,
			);
			defaultConfigurationIsVisible = 0;
			defaultConfigurationName = Release;
		};
		612C5C5A25389DC4008700F2 /* Build configuration list for PBXNativeTarget "MyToolbox" */ = {
			isa = XCConfigurationList;
			buildConfigurations = (
				612C5C5B25389DC4008700F2 /* Debug */,
				612C5C5C25389DC4008700F2 /* Release */,
			);
			defaultConfigurationIsVisible = 0;
			defaultConfigurationName = Release;
		};
/* End XCConfigurationList section */
	};
	rootObject = 612C5C4B25389DC4008700F2 /* Project object */;
}
